lockfileVersion: '9.0'

settings:
  autoInstallPeers: true
  excludeLinksFromLockfile: false

importers:

  .:
    devDependencies:
      '@types/node':
        specifier: ^24.9.1
        version: 24.12.4
      typescript:
        specifier: ^6.0.3
        version: 6.0.3

  talon-client:
    dependencies:
      '@bufbuild/protobuf':
        specifier: ^1.10.1
        version: 1.10.1
      '@connectrpc/connect':
        specifier: ^1.7.0
        version: 1.7.0(@bufbuild/protobuf@1.10.1)
    devDependencies:
      typescript:
        specifier: ^6.0.3
        version: 6.0.3

  talon-node-darwin-arm64: {}

  talon-node-linux-x64: {}

  talon-server:
    devDependencies:
      '@types/node':
        specifier: ^24.9.1
        version: 24.12.4
      typescript:
        specifier: ^6.0.3
        version: 6.0.3
    optionalDependencies:
      '@impalasys/talon-node-darwin-arm64':
        specifier: workspace:0.1.1
        version: link:../talon-node-darwin-arm64
      '@impalasys/talon-node-linux-x64':
        specifier: workspace:0.1.1
        version: link:../talon-node-linux-x64

packages:

  '@bufbuild/protobuf@1.10.1':
    resolution: {integrity: sha512-wJ8ReQbHxsAfXhrf9ixl0aYbZorRuOWpBNzm8pL8ftmSxQx/wnJD5Eg861NwJU/czy2VXFIebCeZnZrI9rktIQ==}

  '@connectrpc/connect@1.7.0':
    resolution: {integrity: sha512-iNKdJRi69YP3mq6AePRT8F/HrxWCewrhxnLMNm0vpqXAR8biwzRtO6Hjx80C6UvtKJ5sFmffQT7I4Baecz389w==}
    peerDependencies:
      '@bufbuild/protobuf': ^1.10.0

  '@types/node@24.12.4':
    resolution: {integrity: sha512-GUUEShf+PBCGW2KaXwcIt3Yk+e3pkKwWKb9GSyM9WQVE+ep2jzmHdGsHzu4wgcZy5fN9FBdVzjpBQsYlpfpgLA==}

  typescript@6.0.3:
    resolution: {integrity: sha512-y2TvuxSZPDyQakkFRPZHKFm+KKVqIisdg9/CZwm9ftvKXLP8NRWj38/ODjNbr43SsoXqNuAisEf1GdCxqWcdBw==}
    engines: {node: '>=14.17'}
    hasBin: true

  undici-types@7.16.0:
    resolution: {integrity: sha512-Zz+aZWSj8LE6zoxD+xrjh4VfkIG8Ya6LvYkZqtUQGJPZjYl53ypCaUwWqo7eI0x66KBGeRo+mlBEkMSeSZ38Nw==}

snapshots:

  '@bufbuild/protobuf@1.10.1': {}

  '@connectrpc/connect@1.7.0(@bufbuild/protobuf@1.10.1)':
    dependencies:
      '@bufbuild/protobuf': 1.10.1

  '@types/node@24.12.4':
    dependencies:
      undici-types: 7.16.0

  typescript@6.0.3: {}

  undici-types@7.16.0: {}
