lockfileVersion: '9.0'

settings:
  autoInstallPeers: true
  excludeLinksFromLockfile: false

importers:

  .:
    dependencies:
      '@connectrpc/connect':
        specifier: ^1.7.0
        version: 1.7.0(@bufbuild/protobuf@1.10.1)
      '@connectrpc/connect-node':
        specifier: ^1.7.0
        version: 1.7.0(@bufbuild/protobuf@1.10.1)(@connectrpc/connect@1.7.0(@bufbuild/protobuf@1.10.1))
      '@impalasys/talon-client':
        specifier: file:../../js/talon-client
        version: file:../../js/talon-client
      '@impalasys/talon-server':
        specifier: file:../../js/talon-server
        version: file:../../js/talon-server
    devDependencies:
      '@types/node':
        specifier: ^24.9.1
        version: 24.12.4
      typescript:
        specifier: ^6.0.3
        version: 6.0.3

packages:

  '@bufbuild/protobuf@1.10.1':
    resolution: {integrity: sha512-wJ8ReQbHxsAfXhrf9ixl0aYbZorRuOWpBNzm8pL8ftmSxQx/wnJD5Eg861NwJU/czy2VXFIebCeZnZrI9rktIQ==}

  '@connectrpc/connect-node@1.7.0':
    resolution: {integrity: sha512-6vaPIkG/NyhxlYgytLoR9KYbPhczEboFB2OYWkA9qvUz1K7efXfeGrlRxoLtpa+r8VxyIOw73w5ktNe743nD+A==}
    engines: {node: '>=16.0.0'}
    peerDependencies:
      '@bufbuild/protobuf': ^1.10.0
      '@connectrpc/connect': 1.7.0

  '@connectrpc/connect@1.7.0':
    resolution: {integrity: sha512-iNKdJRi69YP3mq6AePRT8F/HrxWCewrhxnLMNm0vpqXAR8biwzRtO6Hjx80C6UvtKJ5sFmffQT7I4Baecz389w==}
    peerDependencies:
      '@bufbuild/protobuf': ^1.10.0

  '@fastify/busboy@2.1.1':
    resolution: {integrity: sha512-vBZP4NlzfOlerQTnba4aqZoMhE/a9HY7HRqoOPaETQcSQuWEIyZMHGfVu6w9wGtGK5fED5qRs2DteVCjOH60sA==}
    engines: {node: '>=14'}

  '@impalasys/talon-client@file:../../js/talon-client':
    resolution: {directory: ../../js/talon-client, type: directory}

  '@impalasys/talon-server@file:../../js/talon-server':
    resolution: {directory: ../../js/talon-server, type: directory}

  '@types/node@24.12.4':
    resolution: {integrity: sha512-GUUEShf+PBCGW2KaXwcIt3Yk+e3pkKwWKb9GSyM9WQVE+ep2jzmHdGsHzu4wgcZy5fN9FBdVzjpBQsYlpfpgLA==}

  typescript@6.0.3:
    resolution: {integrity: sha512-y2TvuxSZPDyQakkFRPZHKFm+KKVqIisdg9/CZwm9ftvKXLP8NRWj38/ODjNbr43SsoXqNuAisEf1GdCxqWcdBw==}
    engines: {node: '>=14.17'}
    hasBin: true

  undici-types@7.16.0:
    resolution: {integrity: sha512-Zz+aZWSj8LE6zoxD+xrjh4VfkIG8Ya6LvYkZqtUQGJPZjYl53ypCaUwWqo7eI0x66KBGeRo+mlBEkMSeSZ38Nw==}

  undici@5.29.0:
    resolution: {integrity: sha512-raqeBD6NQK4SkWhQzeYKd1KmIG6dllBOTt55Rmkt4HtI9mwdWtJljnrXjAFUBLTSN67HWrOIZ3EPF4kjUw80Bg==}
    engines: {node: '>=14.0'}

snapshots:

  '@bufbuild/protobuf@1.10.1': {}

  '@connectrpc/connect-node@1.7.0(@bufbuild/protobuf@1.10.1)(@connectrpc/connect@1.7.0(@bufbuild/protobuf@1.10.1))':
    dependencies:
      '@bufbuild/protobuf': 1.10.1
      '@connectrpc/connect': 1.7.0(@bufbuild/protobuf@1.10.1)
      undici: 5.29.0

  '@connectrpc/connect@1.7.0(@bufbuild/protobuf@1.10.1)':
    dependencies:
      '@bufbuild/protobuf': 1.10.1

  '@fastify/busboy@2.1.1': {}

  '@impalasys/talon-client@file:../../js/talon-client':
    dependencies:
      '@bufbuild/protobuf': 1.10.1
      '@connectrpc/connect': 1.7.0(@bufbuild/protobuf@1.10.1)

  '@impalasys/talon-server@file:../../js/talon-server': {}

  '@types/node@24.12.4':
    dependencies:
      undici-types: 7.16.0

  typescript@6.0.3: {}

  undici-types@7.16.0: {}

  undici@5.29.0:
    dependencies:
      '@fastify/busboy': 2.1.1
